
Microsoft Visual Studio Solution File, Format Version 12.00
# Visual Studio 15
VisualStudioVersion = 15.0.28307.168
MinimumVisualStudioVersion = 10.0.40219.1
Project("{9A19103F-16F7-4668-BE54-9A1E7A4F7556}") = "DB2TemplateGenerator", "DB2TemplateGenerator\DB2TemplateGenerator.csproj", "{EC8DB6D6-909A-4BC7-92C8-291C95919F17}"
EndProject
Global
	GlobalSection(SolutionConfigurationPlatforms) = preSolution
		Debug|Any CPU = Debug|Any CPU
		Release|Any CPU = Release|Any CPU
	EndGlobalSection
	GlobalSection(ProjectConfigurationPlatforms) = postSolution
		{EC8DB6D6-909A-4BC7-92C8-291C95919F17}.Debug|Any CPU.ActiveCfg = Debug|Any CPU
		{EC8DB6D6-909A-4BC7-92C8-291C95919F17}.Debug|Any CPU.Build.0 = Debug|Any CPU
		{EC8DB6D6-909A-4BC7-92C8-291C95919F17}.Release|Any CPU.ActiveCfg = Release|Any CPU
		{EC8DB6D6-909A-4BC7-92C8-291C95919F17}.Release|Any CPU.Build.0 = Release|Any CPU
	EndGlobalSection
	GlobalSection(SolutionProperties) = preSolution
		HideSolutionNode = FALSE
	EndGlobalSection
	GlobalSection(ExtensibilityGlobals) = postSolution
		SolutionGuid = {4CFA3104-E9D6-4EAE-A66E-EA73C515C56C}
	EndGlobalSection
EndGlobal
